
Microsoft Visual Studio Solution File, Format Version 12.00
# Visual Studio 15
VisualStudioVersion = 15.0.27703.2042
MinimumVisualStudioVersion = 10.0.40219.1
Project("{FAE04EC0-301F-11D3-BF4B-00C04F79EFBC}") = "WebApplication3", "WebApplication3\WebApplication3.csproj", "{0087E856-72FC-42EC-B35E-B6E51DB5B1D6}"
EndProject
Global
	GlobalSection(SolutionConfigurationPlatforms) = preSolution
		Debug|Any CPU = Debug|Any CPU
		Release|Any CPU = Release|Any CPU
	EndGlobalSection
	GlobalSection(ProjectConfigurationPlatforms) = postSolution
		{0087E856-72FC-42EC-B35E-B6E51DB5B1D6}.Debug|Any CPU.ActiveCfg = Debug|Any CPU
		{0087E856-72FC-42EC-B35E-B6E51DB5B1D6}.Debug|Any CPU.Build.0 = Debug|Any CPU
		{0087E856-72FC-42EC-B35E-B6E51DB5B1D6}.Release|Any CPU.ActiveCfg = Release|Any CPU
		{0087E856-72FC-42EC-B35E-B6E51DB5B1D6}.Release|Any CPU.Build.0 = Release|Any CPU
	EndGlobalSection
	GlobalSection(SolutionProperties) = preSolution
		HideSolutionNode = FALSE
	EndGlobalSection
	GlobalSection(ExtensibilityGlobals) = postSolution
		SolutionGuid = {07DA4657-4988-4E7F-AC51-913B1F3790C9}
	EndGlobalSection
EndGlobal
